
Microsoft Visual Studio Solution File, Format Version 12.00
# Visual Studio Version 17
VisualStudioVersion = 17.11.35312.102
MinimumVisualStudioVersion = 10.0.40219.1
Project("{FAE04EC0-301F-11D3-BF4B-00C04F79EFBC}") = "LMSAPI_ATTENDANCE", "LMSAPI_ATTENDANCE\LMSAPI_ATTENDANCE.csproj", "{FDEA0DF3-F171-4B78-B64D-A675AB9FBB7A}"
EndProject
Global
	GlobalSection(SolutionConfigurationPlatforms) = preSolution
		Debug|Any CPU = Debug|Any CPU
		Release|Any CPU = Release|Any CPU
	EndGlobalSection
	GlobalSection(ProjectConfigurationPlatforms) = postSolution
		{FDEA0DF3-F171-4B78-B64D-A675AB9FBB7A}.Debug|Any CPU.ActiveCfg = Debug|Any CPU
		{FDEA0DF3-F171-4B78-B64D-A675AB9FBB7A}.Debug|Any CPU.Build.0 = Debug|Any CPU
		{FDEA0DF3-F171-4B78-B64D-A675AB9FBB7A}.Release|Any CPU.ActiveCfg = Release|Any CPU
		{FDEA0DF3-F171-4B78-B64D-A675AB9FBB7A}.Release|Any CPU.Build.0 = Release|Any CPU
	EndGlobalSection
	GlobalSection(SolutionProperties) = preSolution
		HideSolutionNode = FALSE
	EndGlobalSection
	GlobalSection(ExtensibilityGlobals) = postSolution
		SolutionGuid = {49BC13EF-DA3B-414E-943F-50DE12F4E5A8}
	EndGlobalSection
EndGlobal
